
Microsoft Visual Studio Solution File, Format Version 12.00
# Visual Studio 15
VisualStudioVersion = 15.0.28010.2041
MinimumVisualStudioVersion = 10.0.40219.1
Project("{FAE04EC0-301F-11D3-BF4B-00C04F79EFBC}") = "KarenBase", "KarenBase\KarenBase.csproj", "{9D45D0C1-ADB7-4EAC-BA10-D8137FCB919E}"
EndProject
Project("{FAE04EC0-301F-11D3-BF4B-00C04F79EFBC}") = "SampleSqlConnection", "SampleSqlConnection\SampleSqlConnection.csproj", "{12214E66-78B2-486A-BB73-5C4FD303D3F7}"
EndProject
Project("{2150E333-8FDC-42A3-9474-1A3956D46DE8}") = "Libraries", "Libraries", "{8522C799-98E4-4242-8D31-E02CB4493B5F}"
EndProject
Project("{2150E333-8FDC-42A3-9474-1A3956D46DE8}") = "Solution Items", "Solution Items", "{C00956F0-CD1F-4EA4-AC4A-34F3642B9A38}"
	ProjectSection(SolutionItems) = preProject
		readme.md = readme.md
	EndProjectSection
EndProject
Global
	GlobalSection(SolutionConfigurationPlatforms) = preSolution
		Debug|Any CPU = Debug|Any CPU
		Release|Any CPU = Release|Any CPU
	EndGlobalSection
	GlobalSection(ProjectConfigurationPlatforms) = postSolution
		{9D45D0C1-ADB7-4EAC-BA10-D8137FCB919E}.Debug|Any CPU.ActiveCfg = Debug|Any CPU
		{9D45D0C1-ADB7-4EAC-BA10-D8137FCB919E}.Debug|Any CPU.Build.0 = Debug|Any CPU
		{9D45D0C1-ADB7-4EAC-BA10-D8137FCB919E}.Release|Any CPU.ActiveCfg = Release|Any CPU
		{9D45D0C1-ADB7-4EAC-BA10-D8137FCB919E}.Release|Any CPU.Build.0 = Release|Any CPU
		{12214E66-78B2-486A-BB73-5C4FD303D3F7}.Debug|Any CPU.ActiveCfg = Debug|Any CPU
		{12214E66-78B2-486A-BB73-5C4FD303D3F7}.Debug|Any CPU.Build.0 = Debug|Any CPU
		{12214E66-78B2-486A-BB73-5C4FD303D3F7}.Release|Any CPU.ActiveCfg = Release|Any CPU
		{12214E66-78B2-486A-BB73-5C4FD303D3F7}.Release|Any CPU.Build.0 = Release|Any CPU
	EndGlobalSection
	GlobalSection(SolutionProperties) = preSolution
		HideSolutionNode = FALSE
	EndGlobalSection
	GlobalSection(NestedProjects) = preSolution
		{9D45D0C1-ADB7-4EAC-BA10-D8137FCB919E} = {8522C799-98E4-4242-8D31-E02CB4493B5F}
	EndGlobalSection
	GlobalSection(ExtensibilityGlobals) = postSolution
		SolutionGuid = {C9FD9F4A-BF69-45BD-8EA8-11230191255A}
	EndGlobalSection
EndGlobal
